PODS:
  - PromiseKit (4.2.2):
    - PromiseKit/Foundation (= 4.2.2)
    - PromiseKit/QuartzCore (= 4.2.2)
    - PromiseKit/UIKit (= 4.2.2)
  - PromiseKit/CorePromise (4.2.2)
  - PromiseKit/Foundation (4.2.2):
    - PromiseKit/CorePromise
  - PromiseKit/QuartzCore (4.2.2):
    - PromiseKit/CorePromise
  - PromiseKit/UIKit (4.2.2):
    - PromiseKit/CorePromise

DEPENDENCIES:
  - PromiseKit

SPEC CHECKSUMS:
  PromiseKit: 00e8886881f151c7e573d06b437915b0bb2970ec

PODFILE CHECKSUM: 554cae1b3339705e7c9839d6b383c9ae98af8d56

COCOAPODS: 1.1.1
