// !$*UTF8*$!
{
	archiveVersion = 1;
	classes = {
	};
	objectVersion = 46;
	objects = {

/* Begin PBXBuildFile section */
		517289741F0D032200ACD31C /* AppDelegate.swift in Sources */ = {isa = PBXBuildFile; fileRef = 517289731F0D032200ACD31C /* AppDelegate.swift */; };
		517289761F0D032200ACD31C /* ViewController.swift in Sources */ = {isa = PBXBuildFile; fileRef = 517289751F0D032200ACD31C /* ViewController.swift */; };
		517289791F0D032200ACD31C /* Main.storyboard in Resources */ = {isa = PBXBuildFile; fileRef = 517289771F0D032200ACD31C /* Main.storyboard */; };
		5172897B1F0D032200ACD31C /* Assets.xcassets in Resources */ = {isa = PBXBuildFile; fileRef = 5172897A1F0D032200ACD31C /* Assets.xcassets */; };
		5172897E1F0D032200ACD31C /* LaunchScreen.storyboard in Resources */ = {isa = PBXBuildFile; fileRef = 5172897C1F0D032200ACD31C /* LaunchScreen.storyboard */; };
		517289861F0D04E300ACD31C /* AdobeCreativeSDKCore.framework in Frameworks */ = {isa = PBXBuildFile; fileRef = 517289851F0D04E300ACD31C /* AdobeCreativeSDKCore.framework */; };
		517289871F0D04E300ACD31C /* AdobeCreativeSDKCore.framework in Embed Frameworks */ = {isa = PBXBuildFile; fileRef = 517289851F0D04E300ACD31C /* AdobeCreativeSDKCore.framework */; settings = {ATTRIBUTES = (CodeSignOnCopy, RemoveHeadersOnCopy, ); }; };
		5172898A1F0D071A00ACD31C /* AdobeCreativeSDKCore.framework in Resources */ = {isa = PBXBuildFile; fileRef = 517289851F0D04E300ACD31C /* AdobeCreativeSDKCore.framework */; };
		5172898C1F0D074100ACD31C /* AdobeCreativeSDKImage.framework in Frameworks */ = {isa = PBXBuildFile; fileRef = 5172898B1F0D074100ACD31C /* AdobeCreativeSDKImage.framework */; };
		5172898D1F0D074100ACD31C /* AdobeCreativeSDKImage.framework in Embed Frameworks */ = {isa = PBXBuildFile; fileRef = 5172898B1F0D074100ACD31C /* AdobeCreativeSDKImage.framework */; settings = {ATTRIBUTES = (CodeSignOnCopy, RemoveHeadersOnCopy, ); }; };
		517289901F0D0AAC00ACD31C /* libc++.tbd in Frameworks */ = {isa = PBXBuildFile; fileRef = 5172898F1F0D0AAB00ACD31C /* libc++.tbd */; };
		517289921F0D0ABA00ACD31C /* libsqlite3.tbd in Frameworks */ = {isa = PBXBuildFile; fileRef = 517289911F0D0ABA00ACD31C /* libsqlite3.tbd */; };
		517289941F0D0AC000ACD31C /* libz.tbd in Frameworks */ = {isa = PBXBuildFile; fileRef = 517289931F0D0AC000ACD31C /* libz.tbd */; };
		517289961F0D0ACA00ACD31C /* MobileCoreServices.framework in Frameworks */ = {isa = PBXBuildFile; fileRef = 517289951F0D0ACA00ACD31C /* MobileCoreServices.framework */; };
		517289981F0D0AD300ACD31C /* SystemConfiguration.framework in Frameworks */ = {isa = PBXBuildFile; fileRef = 517289971F0D0AD300ACD31C /* SystemConfiguration.framework */; };
		5172899A1F0D0CAD00ACD31C /* AdobeCreativeSDKCoreResources.bundle in Resources */ = {isa = PBXBuildFile; fileRef = 517289991F0D0CAD00ACD31C /* AdobeCreativeSDKCoreResources.bundle */; };
		5172899C1F0D0CBC00ACD31C /* AdobeCreativeSDKImageResources.bundle in Resources */ = {isa = PBXBuildFile; fileRef = 5172899B1F0D0CBC00ACD31C /* AdobeCreativeSDKImageResources.bundle */; };
/* End PBXBuildFile section */

/* Begin PBXCopyFilesBuildPhase section */
		517289881F0D04E300ACD31C /* Embed Frameworks */ = {
			isa = PBXCopyFilesBuildPhase;
			buildActionMask = 2147483647;
			dstPath = "";
			dstSubfolderSpec = 10;
			files = (
				5172898D1F0D074100ACD31C /* AdobeCreativeSDKImage.framework in Embed Frameworks */,
				517289871F0D04E300ACD31C /* AdobeCreativeSDKCore.framework in Embed Frameworks */,
			);
			name = "Embed Frameworks";
			runOnlyForDeploymentPostprocessing = 0;
		};
/* End PBXCopyFilesBuildPhase section */

/* Begin PBXFileReference section */
		517289701F0D032200ACD31C /* creativeSDK.app */ = {isa = PBXFileReference; explicitFileType = wrapper.application; includeInIndex = 0; path = creativeSDK.app; sourceTree = BUILT_PRODUCTS_DIR; };
		517289731F0D032200ACD31C /* AppDelegate.swift */ = {isa = PBXFileReference; lastKnownFileType = sourcecode.swift; path = AppDelegate.swift; sourceTree = "<group>"; };
		517289751F0D032200ACD31C /* ViewController.swift */ = {isa = PBXFileReference; lastKnownFileType = sourcecode.swift; path = ViewController.swift; sourceTree = "<group>"; };
		517289781F0D032200ACD31C /* Base */ = {isa = PBXFileReference; lastKnownFileType = file.storyboard; name = Base; path = Base.lproj/Main.storyboard; sourceTree = "<group>"; };
		5172897A1F0D032200ACD31C /* Assets.xcassets */ = {isa = PBXFileReference; lastKnownFileType = folder.assetcatalog; path = Assets.xcassets; sourceTree = "<group>"; };
		5172897D1F0D032200ACD31C /* Base */ = {isa = PBXFileReference; lastKnownFileType = file.storyboard; name = Base; path = Base.lproj/LaunchScreen.storyboard; sourceTree = "<group>"; };
		5172897F1F0D032200ACD31C /* Info.plist */ = {isa = PBXFileReference; lastKnownFileType = text.plist.xml; path = Info.plist; sourceTree = "<group>"; };
		517289851F0D04E300ACD31C /* AdobeCreativeSDKCore.framework */ = {isa = PBXFileReference; lastKnownFileType = wrapper.framework; path = AdobeCreativeSDKCore.framework; sourceTree = "<group>"; };
		5172898B1F0D074100ACD31C /* AdobeCreativeSDKImage.framework */ = {isa = PBXFileReference; lastKnownFileType = wrapper.framework; path = AdobeCreativeSDKImage.framework; sourceTree = "<group>"; };
		5172898F1F0D0AAB00ACD31C /* libc++.tbd */ = {isa = PBXFileReference; lastKnownFileType = "sourcecode.text-based-dylib-definition"; name = "libc++.tbd"; path = "usr/lib/libc++.tbd"; sourceTree = SDKROOT; };
		517289911F0D0ABA00ACD31C /* libsqlite3.tbd */ = {isa = PBXFileReference; lastKnownFileType = "sourcecode.text-based-dylib-definition"; name = libsqlite3.tbd; path = usr/lib/libsqlite3.tbd; sourceTree = SDKROOT; };
		517289931F0D0AC000ACD31C /* libz.tbd */ = {isa = PBXFileReference; lastKnownFileType = "sourcecode.text-based-dylib-definition"; name = libz.tbd; path = usr/lib/libz.tbd; sourceTree = SDKROOT; };
		517289951F0D0ACA00ACD31C /* MobileCoreServices.framework */ = {isa = PBXFileReference; lastKnownFileType = wrapper.framework; name = MobileCoreServices.framework; path = System/Library/Frameworks/MobileCoreServices.framework; sourceTree = SDKROOT; };
		517289971F0D0AD300ACD31C /* SystemConfiguration.framework */ = {isa = PBXFileReference; lastKnownFileType = wrapper.framework; name = SystemConfiguration.framework; path = System/Library/Frameworks/SystemConfiguration.framework; sourceTree = SDKROOT; };
		517289991F0D0CAD00ACD31C /* AdobeCreativeSDKCoreResources.bundle */ = {isa = PBXFileReference; lastKnownFileType = "wrapper.plug-in"; path = AdobeCreativeSDKCoreResources.bundle; sourceTree = "<group>"; };
		5172899B1F0D0CBC00ACD31C /* AdobeCreativeSDKImageResources.bundle */ = {isa = PBXFileReference; lastKnownFileType = "wrapper.plug-in"; path = AdobeCreativeSDKImageResources.bundle; sourceTree = "<group>"; };
		5172899D1F0D0F6E00ACD31C /* Bridging-Header.h */ = {isa = PBXFileReference; lastKnownFileType = sourcecode.c.h; path = "Bridging-Header.h"; sourceTree = "<group>"; };
/* End PBXFileReference section */

/* Begin PBXFrameworksBuildPhase section */
		5172896D1F0D032200ACD31C /* Frameworks */ = {
			isa = PBXFrameworksBuildPhase;
			buildActionMask = 2147483647;
			files = (
				517289981F0D0AD300ACD31C /* SystemConfiguration.framework in Frameworks */,
				517289961F0D0ACA00ACD31C /* MobileCoreServices.framework in Frameworks */,
				517289941F0D0AC000ACD31C /* libz.tbd in Frameworks */,
				517289921F0D0ABA00ACD31C /* libsqlite3.tbd in Frameworks */,
				517289901F0D0AAC00ACD31C /* libc++.tbd in Frameworks */,
				5172898C1F0D074100ACD31C /* AdobeCreativeSDKImage.framework in Frameworks */,
				517289861F0D04E300ACD31C /* AdobeCreativeSDKCore.framework in Frameworks */,
			);
			runOnlyForDeploymentPostprocessing = 0;
		};
/* End PBXFrameworksBuildPhase section */

/* Begin PBXGroup section */
		517289671F0D032200ACD31C = {
			isa = PBXGroup;
			children = (
				5172899D1F0D0F6E00ACD31C /* Bridging-Header.h */,
				5172899B1F0D0CBC00ACD31C /* AdobeCreativeSDKImageResources.bundle */,
				517289991F0D0CAD00ACD31C /* AdobeCreativeSDKCoreResources.bundle */,
				5172898B1F0D074100ACD31C /* AdobeCreativeSDKImage.framework */,
				517289851F0D04E300ACD31C /* AdobeCreativeSDKCore.framework */,
				517289721F0D032200ACD31C /* creativeSDK */,
				517289711F0D032200ACD31C /* Products */,
				5172898E1F0D0AAB00ACD31C /* Frameworks */,
			);
			sourceTree = "<group>";
		};
		517289711F0D032200ACD31C /* Products */ = {
			isa = PBXGroup;
			children = (
				517289701F0D032200ACD31C /* creativeSDK.app */,
			);
			name = Products;
			sourceTree = "<group>";
		};
		517289721F0D032200ACD31C /* creativeSDK */ = {
			isa = PBXGroup;
			children = (
				517289731F0D032200ACD31C /* AppDelegate.swift */,
				517289751F0D032200ACD31C /* ViewController.swift */,
				517289771F0D032200ACD31C /* Main.storyboard */,
				5172897A1F0D032200ACD31C /* Assets.xcassets */,
				5172897C1F0D032200ACD31C /* LaunchScreen.storyboard */,
				5172897F1F0D032200ACD31C /* Info.plist */,
			);
			path = creativeSDK;
			sourceTree = "<group>";
		};
		5172898E1F0D0AAB00ACD31C /* Frameworks */ = {
			isa = PBXGroup;
			children = (
				517289971F0D0AD300ACD31C /* SystemConfiguration.framework */,
				517289951F0D0ACA00ACD31C /* MobileCoreServices.framework */,
				517289931F0D0AC000ACD31C /* libz.tbd */,
				517289911F0D0ABA00ACD31C /* libsqlite3.tbd */,
				5172898F1F0D0AAB00ACD31C /* libc++.tbd */,
			);
			name = Frameworks;
			sourceTree = "<group>";
		};
/* End PBXGroup section */

/* Begin PBXNativeTarget section */
		5172896F1F0D032200ACD31C /* creativeSDK */ = {
			isa = PBXNativeTarget;
			buildConfigurationList = 517289821F0D032200ACD31C /* Build configuration list for PBXNativeTarget "creativeSDK" */;
			buildPhases = (
				5172896C1F0D032200ACD31C /* Sources */,
				5172896D1F0D032200ACD31C /* Frameworks */,
				5172896E1F0D032200ACD31C /* Resources */,
				517289881F0D04E300ACD31C /* Embed Frameworks */,
			);
			buildRules = (
			);
			dependencies = (
			);
			name = creativeSDK;
			productName = creativeSDK;
			productReference = 517289701F0D032200ACD31C /* creativeSDK.app */;
			productType = "com.apple.product-type.application";
		};
/* End PBXNativeTarget section */

/* Begin PBXProject section */
		517289681F0D032200ACD31C /* Project object */ = {
			isa = PBXProject;
			attributes = {
				LastSwiftUpdateCheck = 0830;
				LastUpgradeCheck = 0830;
				ORGANIZATIONNAME = shubhamrathi;
				TargetAttributes = {
					5172896F1F0D032200ACD31C = {
						CreatedOnToolsVersion = 8.3.3;
						DevelopmentTeam = FS9MJBEMW5;
						ProvisioningStyle = Automatic;
					};
				};
			};
			buildConfigurationList = 5172896B1F0D032200ACD31C /* Build configuration list for PBXProject "creativeSDK" */;
			compatibilityVersion = "Xcode 3.2";
			developmentRegion = English;
			hasScannedForEncodings = 0;
			knownRegions = (
				en,
				Base,
			);
			mainGroup = 517289671F0D032200ACD31C;
			productRefGroup = 517289711F0D032200ACD31C /* Products */;
			projectDirPath = "";
			projectRoot = "";
			targets = (
				5172896F1F0D032200ACD31C /* creativeSDK */,
			);
		};
/* End PBXProject section */

/* Begin PBXResourcesBuildPhase section */
		5172896E1F0D032200ACD31C /* Resources */ = {
			isa = PBXResourcesBuildPhase;
			buildActionMask = 2147483647;
			files = (
				5172899C1F0D0CBC00ACD31C /* AdobeCreativeSDKImageResources.bundle in Resources */,
				5172899A1F0D0CAD00ACD31C /* AdobeCreativeSDKCoreResources.bundle in Resources */,
				5172898A1F0D071A00ACD31C /* AdobeCreativeSDKCore.framework in Resources */,
				5172897E1F0D032200ACD31C /* LaunchScreen.storyboard in Resources */,
				5172897B1F0D032200ACD31C /* Assets.xcassets in Resources */,
				517289791F0D032200ACD31C /* Main.storyboard in Resources */,
			);
			runOnlyForDeploymentPostprocessing = 0;
		};
/* End PBXResourcesBuildPhase section */

/* Begin PBXSourcesBuildPhase section */
		5172896C1F0D032200ACD31C /* Sources */ = {
			isa = PBXSourcesBuildPhase;
			buildActionMask = 2147483647;
			files = (
				517289761F0D032200ACD31C /* ViewController.swift in Sources */,
				517289741F0D032200ACD31C /* AppDelegate.swift in Sources */,
			);
			runOnlyForDeploymentPostprocessing = 0;
		};
/* End PBXSourcesBuildPhase section */

/* Begin PBXVariantGroup section */
		517289771F0D032200ACD31C /* Main.storyboard */ = {
			isa = PBXVariantGroup;
			children = (
				517289781F0D032200ACD31C /* Base */,
			);
			name = Main.storyboard;
			sourceTree = "<group>";
		};
		5172897C1F0D032200ACD31C /* LaunchScreen.storyboard */ = {
			isa = PBXVariantGroup;
			children = (
				5172897D1F0D032200ACD31C /* Base */,
			);
			name = LaunchScreen.storyboard;
			sourceTree = "<group>";
		};
/* End PBXVariantGroup section */

/* Begin XCBuildConfiguration section */
		517289801F0D032200ACD31C /* Debug */ = {
			isa = XCBuildConfiguration;
			buildSettings = {
				ALWAYS_SEARCH_USER_PATHS = NO;
				CLANG_ANALYZER_NONNULL = YES;
				CLANG_ANALYZER_NUMBER_OBJECT_CONVERSION = YES_AGGRESSIVE;
				CLANG_CXX_LANGUAGE_STANDARD = "gnu++0x";
				CLANG_CXX_LIBRARY = "libc++";
				CLANG_ENABLE_MODULES = YES;
				CLANG_ENABLE_OBJC_ARC = YES;
				CLANG_WARN_BOOL_CONVERSION = YES;
				CLANG_WARN_CONSTANT_CONVERSION = YES;
				CLANG_WARN_DIRECT_OBJC_ISA_USAGE = YES_ERROR;
				CLANG_WARN_DOCUMENTATION_COMMENTS = YES;
				CLANG_WARN_EMPTY_BODY = YES;
				CLANG_WARN_ENUM_CONVERSION = YES;
				CLANG_WARN_INFINITE_RECURSION = YES;
				CLANG_WARN_INT_CONVERSION = YES;
				CLANG_WARN_OBJC_ROOT_CLASS = YES_ERROR;
				CLANG_WARN_SUSPICIOUS_MOVE = YES;
				CLANG_WARN_UNREACHABLE_CODE = YES;
				CLANG_WARN__DUPLICATE_METHOD_MATCH = YES;
				"CODE_SIGN_IDENTITY[sdk=iphoneos*]" = "iPhone Developer";
				COPY_PHASE_STRIP = NO;
				DEBUG_INFORMATION_FORMAT = dwarf;
				ENABLE_STRICT_OBJC_MSGSEND = YES;
				ENABLE_TESTABILITY = YES;
				GCC_C_LANGUAGE_STANDARD = gnu99;
				GCC_DYNAMIC_NO_PIC = NO;
				GCC_NO_COMMON_BLOCKS = YES;
				GCC_OPTIMIZATION_LEVEL = 0;
				GCC_PREPROCESSOR_DEFINITIONS = (
					"DEBUG=1",
					"$(inherited)",
				);
				GCC_WARN_64_TO_32_BIT_CONVERSION = YES;
				GCC_WARN_ABOUT_RETURN_TYPE = YES_ERROR;
				GCC_WARN_UNDECLARED_SELECTOR = YES;
				GCC_WARN_UNINITIALIZED_AUTOS = YES_AGGRESSIVE;
				GCC_WARN_UNUSED_FUNCTION = YES;
				GCC_WARN_UNUSED_VARIABLE = YES;
				IPHONEOS_DEPLOYMENT_TARGET = 10.3;
				MTL_ENABLE_DEBUG_INFO = YES;
				ONLY_ACTIVE_ARCH = YES;
				SDKROOT = iphoneos;
				SWIFT_ACTIVE_COMPILATION_CONDITIONS = DEBUG;
				SWIFT_OPTIMIZATION_LEVEL = "-Onone";
				TARGETED_DEVICE_FAMILY = "1,2";
			};
			name = Debug;
		};
		517289811F0D032200ACD31C /* Release */ = {
			isa = XCBuildConfiguration;
			buildSettings = {
				ALWAYS_SEARCH_USER_PATHS = NO;
				CLANG_ANALYZER_NONNULL = YES;
				CLANG_ANALYZER_NUMBER_OBJECT_CONVERSION = YES_AGGRESSIVE;
				CLANG_CXX_LANGUAGE_STANDARD = "gnu++0x";
				CLANG_CXX_LIBRARY = "libc++";
				CLANG_ENABLE_MODULES = YES;
				CLANG_ENABLE_OBJC_ARC = YES;
				CLANG_WARN_BOOL_CONVERSION = YES;
				CLANG_WARN_CONSTANT_CONVERSION = YES;
				CLANG_WARN_DIRECT_OBJC_ISA_USAGE = YES_ERROR;
				CLANG_WARN_DOCUMENTATION_COMMENTS = YES;
				CLANG_WARN_EMPTY_BODY = YES;
				CLANG_WARN_ENUM_CONVERSION = YES;
				CLANG_WARN_INFINITE_RECURSION = YES;
				CLANG_WARN_INT_CONVERSION = YES;
				CLANG_WARN_OBJC_ROOT_CLASS = YES_ERROR;
				CLANG_WARN_SUSPICIOUS_MOVE = YES;
				CLANG_WARN_UNREACHABLE_CODE = YES;
				CLANG_WARN__DUPLICATE_METHOD_MATCH = YES;
				"CODE_SIGN_IDENTITY[sdk=iphoneos*]" = "iPhone Developer";
				COPY_PHASE_STRIP = NO;
				DEBUG_INFORMATION_FORMAT = "dwarf-with-dsym";
				ENABLE_NS_ASSERTIONS = NO;
				ENABLE_STRICT_OBJC_MSGSEND = YES;
				GCC_C_LANGUAGE_STANDARD = gnu99;
				GCC_NO_COMMON_BLOCKS = YES;
				GCC_WARN_64_TO_32_BIT_CONVERSION = YES;
				GCC_WARN_ABOUT_RETURN_TYPE = YES_ERROR;
				GCC_WARN_UNDECLARED_SELECTOR = YES;
				GCC_WARN_UNINITIALIZED_AUTOS = YES_AGGRESSIVE;
				GCC_WARN_UNUSED_FUNCTION = YES;
				GCC_WARN_UNUSED_VARIABLE = YES;
				IPHONEOS_DEPLOYMENT_TARGET = 10.3;
				MTL_ENABLE_DEBUG_INFO = NO;
				SDKROOT = iphoneos;
				SWIFT_OPTIMIZATION_LEVEL = "-Owholemodule";
				TARGETED_DEVICE_FAMILY = "1,2";
				VALIDATE_PRODUCT = YES;
			};
			name = Release;
		};
		517289831F0D032200ACD31C /* Debug */ = {
			isa = XCBuildConfiguration;
			buildSettings = {
				ASSETCATALOG_COMPILER_APPICON_NAME = AppIcon;
				DEVELOPMENT_TEAM = FS9MJBEMW5;
				FRAMEWORK_SEARCH_PATHS = (
					"$(inherited)",
					"$(PROJECT_DIR)",
				);
				INFOPLIST_FILE = creativeSDK/Info.plist;
				LD_RUNPATH_SEARCH_PATHS = "$(inherited) @executable_path/Frameworks";
				OTHER_LDFLAGS = "-ObjC";
				PRODUCT_BUNDLE_IDENTIFIER = rathi.creativeSDK;
				PRODUCT_NAME = "$(TARGET_NAME)";
				SWIFT_VERSION = 3.0;
			};
			name = Debug;
		};
		517289841F0D032200ACD31C /* Release */ = {
			isa = XCBuildConfiguration;
			buildSettings = {
				ASSETCATALOG_COMPILER_APPICON_NAME = AppIcon;
				DEVELOPMENT_TEAM = FS9MJBEMW5;
				FRAMEWORK_SEARCH_PATHS = (
					"$(inherited)",
					"$(PROJECT_DIR)",
				);
				INFOPLIST_FILE = creativeSDK/Info.plist;
				LD_RUNPATH_SEARCH_PATHS = "$(inherited) @executable_path/Frameworks";
				OTHER_LDFLAGS = "-ObjC";
				PRODUCT_BUNDLE_IDENTIFIER = rathi.creativeSDK;
				PRODUCT_NAME = "$(TARGET_NAME)";
				SWIFT_VERSION = 3.0;
			};
			name = Release;
		};
/* End XCBuildConfiguration section */

/* Begin XCConfigurationList section */
		5172896B1F0D032200ACD31C /* Build configuration list for PBXProject "creativeSDK" */ = {
			isa = XCConfigurationList;
			buildConfigurations = (
				517289801F0D032200ACD31C /* Debug */,
				517289811F0D032200ACD31C /* Release */,
			);
			defaultConfigurationIsVisible = 0;
			defaultConfigurationName = Release;
		};
		517289821F0D032200ACD31C /* Build configuration list for PBXNativeTarget "creativeSDK" */ = {
			isa = XCConfigurationList;
			buildConfigurations = (
				517289831F0D032200ACD31C /* Debug */,
				517289841F0D032200ACD31C /* Release */,
			);
			defaultConfigurationIsVisible = 0;
		};
/* End XCConfigurationList section */
	};
	rootObject = 517289681F0D032200ACD31C /* Project object */;
}
